
Microsoft Visual Studio Solution File, Format Version 12.00
# Visual Studio 2013
VisualStudioVersion = 12.0.30501.0
MinimumVisualStudioVersion = 10.0.40219.1
Project("{FAE04EC0-301F-11D3-BF4B-00C04F79EFBC}") = "RoosterCrawler", "RoosterCrawler\RoosterCrawler.csproj", "{7E5E8E20-6F8B-49F9-9B0D-647086927BCB}"
EndProject
Project("{FAE04EC0-301F-11D3-BF4B-00C04F79EFBC}") = "KickStarter", "KickStarter\KickStarter.csproj", "{819D3A65-441F-4092-AC85-41868EFF4AB2}"
EndProject
Project("{FAE04EC0-301F-11D3-BF4B-00C04F79EFBC}") = "UnitTestProject", "UnitTestProject\UnitTestProject.csproj", "{FE0D0811-307B-4A81-A818-2B655A424D3B}"
EndProject
Global
	GlobalSection(SolutionConfigurationPlatforms) = preSolution
		Debug|Any CPU = Debug|Any CPU
		Release|Any CPU = Release|Any CPU
	EndGlobalSection
	GlobalSection(ProjectConfigurationPlatforms) = postSolution
		{7E5E8E20-6F8B-49F9-9B0D-647086927BCB}.Debug|Any CPU.ActiveCfg = Debug|Any CPU
		{7E5E8E20-6F8B-49F9-9B0D-647086927BCB}.Debug|Any CPU.Build.0 = Debug|Any CPU
		{7E5E8E20-6F8B-49F9-9B0D-647086927BCB}.Release|Any CPU.ActiveCfg = Release|Any CPU
		{7E5E8E20-6F8B-49F9-9B0D-647086927BCB}.Release|Any CPU.Build.0 = Release|Any CPU
		{819D3A65-441F-4092-AC85-41868EFF4AB2}.Debug|Any CPU.ActiveCfg = Debug|Any CPU
		{819D3A65-441F-4092-AC85-41868EFF4AB2}.Debug|Any CPU.Build.0 = Debug|Any CPU
		{819D3A65-441F-4092-AC85-41868EFF4AB2}.Release|Any CPU.ActiveCfg = Release|Any CPU
		{819D3A65-441F-4092-AC85-41868EFF4AB2}.Release|Any CPU.Build.0 = Release|Any CPU
		{FE0D0811-307B-4A81-A818-2B655A424D3B}.Debug|Any CPU.ActiveCfg = Debug|Any CPU
		{FE0D0811-307B-4A81-A818-2B655A424D3B}.Debug|Any CPU.Build.0 = Debug|Any CPU
		{FE0D0811-307B-4A81-A818-2B655A424D3B}.Release|Any CPU.ActiveCfg = Release|Any CPU
		{FE0D0811-307B-4A81-A818-2B655A424D3B}.Release|Any CPU.Build.0 = Release|Any CPU
	EndGlobalSection
	GlobalSection(SolutionProperties) = preSolution
		HideSolutionNode = FALSE
	EndGlobalSection
EndGlobal
